# This file is automatically @generated by Cargo.
# It is not intended for manual editing.
version = 4

[[package]]
name = "ubi2-node"
version = "0.0.0"
dependencies = [
 "ubi2-rpc",
 "ubi2-runtime",
]

[[package]]
name = "ubi2-rpc"
version = "0.0.0"
dependencies = [
 "ubi2-runtime",
]

[[package]]
name = "ubi2-runtime"
version = "0.0.0"
